
Microsoft Visual Studio Solution File, Format Version 12.00
# Visual Studio 2012
Project("{FAE04EC0-301F-11D3-BF4B-00C04F79EFBC}") = "LazyCLI", "LazyCLI\LazyCLI.csproj", "{339A3948-D4FA-4371-96A9-9BAD37A2A08C}"
EndProject
Project("{FAE04EC0-301F-11D3-BF4B-00C04F79EFBC}") = "LazyCLISample", "LazyCLISample\LazyCLISample.csproj", "{F623C32B-699E-44E8-8C64-0B09F1EC15CA}"
EndProject
Global
	GlobalSection(SolutionConfigurationPlatforms) = preSolution
		Debug|Any CPU = Debug|Any CPU
		Debug|Mixed Platforms = Debug|Mixed Platforms
		Debug|x86 = Debug|x86
		Release|Any CPU = Release|Any CPU
		Release|Mixed Platforms = Release|Mixed Platforms
		Release|x86 = Release|x86
	EndGlobalSection
	GlobalSection(ProjectConfigurationPlatforms) = postSolution
		{339A3948-D4FA-4371-96A9-9BAD37A2A08C}.Debug|Any CPU.ActiveCfg = Debug|Any CPU
		{339A3948-D4FA-4371-96A9-9BAD37A2A08C}.Debug|Any CPU.Build.0 = Debug|Any CPU
		{339A3948-D4FA-4371-96A9-9BAD37A2A08C}.Debug|Mixed Platforms.ActiveCfg = Release|Any CPU
		{339A3948-D4FA-4371-96A9-9BAD37A2A08C}.Debug|Mixed Platforms.Build.0 = Release|Any CPU
		{339A3948-D4FA-4371-96A9-9BAD37A2A08C}.Debug|x86.ActiveCfg = Debug|Any CPU
		{339A3948-D4FA-4371-96A9-9BAD37A2A08C}.Release|Any CPU.ActiveCfg = Release|Any CPU
		{339A3948-D4FA-4371-96A9-9BAD37A2A08C}.Release|Any CPU.Build.0 = Release|Any CPU
		{339A3948-D4FA-4371-96A9-9BAD37A2A08C}.Release|Mixed Platforms.ActiveCfg = Release|Any CPU
		{339A3948-D4FA-4371-96A9-9BAD37A2A08C}.Release|Mixed Platforms.Build.0 = Release|Any CPU
		{339A3948-D4FA-4371-96A9-9BAD37A2A08C}.Release|x86.ActiveCfg = Release|Any CPU
		{F623C32B-699E-44E8-8C64-0B09F1EC15CA}.Debug|Any CPU.ActiveCfg = Debug|x86
		{F623C32B-699E-44E8-8C64-0B09F1EC15CA}.Debug|Mixed Platforms.ActiveCfg = Debug|x86
		{F623C32B-699E-44E8-8C64-0B09F1EC15CA}.Debug|Mixed Platforms.Build.0 = Debug|x86
		{F623C32B-699E-44E8-8C64-0B09F1EC15CA}.Debug|x86.ActiveCfg = Debug|x86
		{F623C32B-699E-44E8-8C64-0B09F1EC15CA}.Debug|x86.Build.0 = Debug|x86
		{F623C32B-699E-44E8-8C64-0B09F1EC15CA}.Release|Any CPU.ActiveCfg = Release|x86
		{F623C32B-699E-44E8-8C64-0B09F1EC15CA}.Release|Mixed Platforms.ActiveCfg = Release|x86
		{F623C32B-699E-44E8-8C64-0B09F1EC15CA}.Release|Mixed Platforms.Build.0 = Release|x86
		{F623C32B-699E-44E8-8C64-0B09F1EC15CA}.Release|x86.ActiveCfg = Release|x86
		{F623C32B-699E-44E8-8C64-0B09F1EC15CA}.Release|x86.Build.0 = Release|x86
	EndGlobalSection
	GlobalSection(SolutionProperties) = preSolution
		HideSolutionNode = FALSE
	EndGlobalSection
EndGlobal
